
Microsoft Visual Studio Solution File, Format Version 12.00
# Visual Studio Version 17
VisualStudioVersion = 17.2.32602.215
MinimumVisualStudioVersion = 10.0.40219.1
Project("{FAE04EC0-301F-11D3-BF4B-00C04F79EFBC}") = "DnDSweeper", "DnDSweeper.csproj", "{5BE9D5E2-FFF0-41C1-A268-7B538990AF13}"
EndProject
Global
	GlobalSection(SolutionConfigurationPlatforms) = preSolution
		Debug|Any CPU = Debug|Any CPU
		Release|Any CPU = Release|Any CPU
	EndGlobalSection
	GlobalSection(ProjectConfigurationPlatforms) = postSolution
		{5BE9D5E2-FFF0-41C1-A268-7B538990AF13}.Debug|Any CPU.ActiveCfg = Debug|Any CPU
		{5BE9D5E2-FFF0-41C1-A268-7B538990AF13}.Debug|Any CPU.Build.0 = Debug|Any CPU
		{5BE9D5E2-FFF0-41C1-A268-7B538990AF13}.Release|Any CPU.ActiveCfg = Release|Any CPU
		{5BE9D5E2-FFF0-41C1-A268-7B538990AF13}.Release|Any CPU.Build.0 = Release|Any CPU
	EndGlobalSection
	GlobalSection(SolutionProperties) = preSolution
		HideSolutionNode = FALSE
	EndGlobalSection
	GlobalSection(ExtensibilityGlobals) = postSolution
		SolutionGuid = {6220A8F4-1E38-422E-AECD-2FB172F33103}
	EndGlobalSection
EndGlobal
